// !$*UTF8*$!
{
	archiveVersion = 1;
	classes = {
	};
	objectVersion = 46;
	objects = {

/* Begin PBXBuildFile section */
		12AB8DB11C1E6FC6006C7A28 /* Operators.swift in Sources */ = {isa = PBXBuildFile; fileRef = 12AB8DB01C1E6FC6006C7A28 /* Operators.swift */; };
		12FE177A1C1D6D69006DA324 /* AppDelegate.swift in Sources */ = {isa = PBXBuildFile; fileRef = 12FE17791C1D6D69006DA324 /* AppDelegate.swift */; };
		12FE177C1C1D6D69006DA324 /* ViewController.swift in Sources */ = {isa = PBXBuildFile; fileRef = 12FE177B1C1D6D69006DA324 /* ViewController.swift */; };
		12FE177F1C1D6D69006DA324 /* Main.storyboard in Resources */ = {isa = PBXBuildFile; fileRef = 12FE177D1C1D6D69006DA324 /* Main.storyboard */; };
		12FE17811C1D6D69006DA324 /* Assets.xcassets in Resources */ = {isa = PBXBuildFile; fileRef = 12FE17801C1D6D69006DA324 /* Assets.xcassets */; };
		12FE17841C1D6D69006DA324 /* LaunchScreen.storyboard in Resources */ = {isa = PBXBuildFile; fileRef = 12FE17821C1D6D69006DA324 /* LaunchScreen.storyboard */; };
		12FE178D1C1D6D8D006DA324 /* DateSuger.swift in Sources */ = {isa = PBXBuildFile; fileRef = 12FE178C1C1D6D8D006DA324 /* DateSuger.swift */; };
/* End PBXBuildFile section */

/* Begin PBXFileReference section */
		12AB8DB01C1E6FC6006C7A28 /* Operators.swift */ = {isa = PBXFileReference; fileEncoding = 4; lastKnownFileType = sourcecode.swift; path = Operators.swift; sourceTree = "<group>"; };
		12FE17761C1D6D69006DA324 /* DateSuger.app */ = {isa = PBXFileReference; explicitFileType = wrapper.application; includeInIndex = 0; path = DateSuger.app; sourceTree = BUILT_PRODUCTS_DIR; };
		12FE17791C1D6D69006DA324 /* AppDelegate.swift */ = {isa = PBXFileReference; lastKnownFileType = sourcecode.swift; path = AppDelegate.swift; sourceTree = "<group>"; };
		12FE177B1C1D6D69006DA324 /* ViewController.swift */ = {isa = PBXFileReference; lastKnownFileType = sourcecode.swift; path = ViewController.swift; sourceTree = "<group>"; };
		12FE177E1C1D6D69006DA324 /* Base */ = {isa = PBXFileReference; lastKnownFileType = file.storyboard; name = Base; path = Base.lproj/Main.storyboard; sourceTree = "<group>"; };
		12FE17801C1D6D69006DA324 /* Assets.xcassets */ = {isa = PBXFileReference; lastKnownFileType = folder.assetcatalog; path = Assets.xcassets; sourceTree = "<group>"; };
		12FE17831C1D6D69006DA324 /* Base */ = {isa = PBXFileReference; lastKnownFileType = file.storyboard; name = Base; path = Base.lproj/LaunchScreen.storyboard; sourceTree = "<group>"; };
		12FE17851C1D6D69006DA324 /* Info.plist */ = {isa = PBXFileReference; lastKnownFileType = text.plist.xml; path = Info.plist; sourceTree = "<group>"; };
		12FE178C1C1D6D8D006DA324 /* DateSuger.swift */ = {isa = PBXFileReference; fileEncoding = 4; lastKnownFileType = sourcecode.swift; path = DateSuger.swift; sourceTree = "<group>"; };
/* End PBXFileReference section */

/* Begin PBXFrameworksBuildPhase section */
		12FE17731C1D6D69006DA324 /* Frameworks */ = {
			isa = PBXFrameworksBuildPhase;
			buildActionMask = 2147483647;
			files = (
			);
			runOnlyForDeploymentPostprocessing = 0;
		};
/* End PBXFrameworksBuildPhase section */

/* Begin PBXGroup section */
		12FE176D1C1D6D69006DA324 = {
			isa = PBXGroup;
			children = (
				12FE17781C1D6D69006DA324 /* DateSuger */,
				12FE17771C1D6D69006DA324 /* Products */,
			);
			sourceTree = "<group>";
		};
		12FE17771C1D6D69006DA324 /* Products */ = {
			isa = PBXGroup;
			children = (
				12FE17761C1D6D69006DA324 /* DateSuger.app */,
			);
			name = Products;
			sourceTree = "<group>";
		};
		12FE17781C1D6D69006DA324 /* DateSuger */ = {
			isa = PBXGroup;
			children = (
				12FE17791C1D6D69006DA324 /* AppDelegate.swift */,
				12FE177B1C1D6D69006DA324 /* ViewController.swift */,
				12FE178B1C1D6D8D006DA324 /* Source */,
				12FE177D1C1D6D69006DA324 /* Main.storyboard */,
				12FE17801C1D6D69006DA324 /* Assets.xcassets */,
				12FE17821C1D6D69006DA324 /* LaunchScreen.storyboard */,
				12FE17851C1D6D69006DA324 /* Info.plist */,
			);
			path = DateSuger;
			sourceTree = "<group>";
		};
		12FE178B1C1D6D8D006DA324 /* Source */ = {
			isa = PBXGroup;
			children = (
				12FE178C1C1D6D8D006DA324 /* DateSuger.swift */,
				12AB8DB01C1E6FC6006C7A28 /* Operators.swift */,
			);
			path = Source;
			sourceTree = SOURCE_ROOT;
		};
/* End PBXGroup section */

/* Begin PBXNativeTarget section */
		12FE17751C1D6D69006DA324 /* DateSuger */ = {
			isa = PBXNativeTarget;
			buildConfigurationList = 12FE17881C1D6D69006DA324 /* Build configuration list for PBXNativeTarget "DateSuger" */;
			buildPhases = (
				12FE17721C1D6D69006DA324 /* Sources */,
				12FE17731C1D6D69006DA324 /* Frameworks */,
				12FE17741C1D6D69006DA324 /* Resources */,
			);
			buildRules = (
			);
			dependencies = (
			);
			name = DateSuger;
			productName = DateSuger;
			productReference = 12FE17761C1D6D69006DA324 /* DateSuger.app */;
			productType = "com.apple.product-type.application";
		};
/* End PBXNativeTarget section */

/* Begin PBXProject section */
		12FE176E1C1D6D69006DA324 /* Project object */ = {
			isa = PBXProject;
			attributes = {
				LastSwiftUpdateCheck = 0720;
				LastUpgradeCheck = 0720;
				ORGANIZATIONNAME = danis;
				TargetAttributes = {
					12FE17751C1D6D69006DA324 = {
						CreatedOnToolsVersion = 7.2;
					};
				};
			};
			buildConfigurationList = 12FE17711C1D6D69006DA324 /* Build configuration list for PBXProject "DateSuger" */;
			compatibilityVersion = "Xcode 3.2";
			developmentRegion = English;
			hasScannedForEncodings = 0;
			knownRegions = (
				en,
				Base,
			);
			mainGroup = 12FE176D1C1D6D69006DA324;
			productRefGroup = 12FE17771C1D6D69006DA324 /* Products */;
			projectDirPath = "";
			projectRoot = "";
			targets = (
				12FE17751C1D6D69006DA324 /* DateSuger */,
			);
		};
/* End PBXProject section */

/* Begin PBXResourcesBuildPhase section */
		12FE17741C1D6D69006DA324 /* Resources */ = {
			isa = PBXResourcesBuildPhase;
			buildActionMask = 2147483647;
			files = (
				12FE17841C1D6D69006DA324 /* LaunchScreen.storyboard in Resources */,
				12FE17811C1D6D69006DA324 /* Assets.xcassets in Resources */,
				12FE177F1C1D6D69006DA324 /* Main.storyboard in Resources */,
			);
			runOnlyForDeploymentPostprocessing = 0;
		};
/* End PBXResourcesBuildPhase section */

/* Begin PBXSourcesBuildPhase section */
		12FE17721C1D6D69006DA324 /* Sources */ = {
			isa = PBXSourcesBuildPhase;
			buildActionMask = 2147483647;
			files = (
				12FE177C1C1D6D69006DA324 /* ViewController.swift in Sources */,
				12AB8DB11C1E6FC6006C7A28 /* Operators.swift in Sources */,
				12FE178D1C1D6D8D006DA324 /* DateSuger.swift in Sources */,
				12FE177A1C1D6D69006DA324 /* AppDelegate.swift in Sources */,
			);
			runOnlyForDeploymentPostprocessing = 0;
		};
/* End PBXSourcesBuildPhase section */

/* Begin PBXVariantGroup section */
		12FE177D1C1D6D69006DA324 /* Main.storyboard */ = {
			isa = PBXVariantGroup;
			children = (
				12FE177E1C1D6D69006DA324 /* Base */,
			);
			name = Main.storyboard;
			sourceTree = "<group>";
		};
		12FE17821C1D6D69006DA324 /* LaunchScreen.storyboard */ = {
			isa = PBXVariantGroup;
			children = (
				12FE17831C1D6D69006DA324 /* Base */,
			);
			name = LaunchScreen.storyboard;
			sourceTree = "<group>";
		};
/* End PBXVariantGroup section */

/* Begin XCBuildConfiguration section */
		12FE17861C1D6D69006DA324 /* Debug */ = {
			isa = XCBuildConfiguration;
			buildSettings = {
				ALWAYS_SEARCH_USER_PATHS = NO;
				CLANG_CXX_LANGUAGE_STANDARD = "gnu++0x";
				CLANG_CXX_LIBRARY = "libc++";
				CLANG_ENABLE_MODULES = YES;
				CLANG_ENABLE_OBJC_ARC = YES;
				CLANG_WARN_BOOL_CONVERSION = YES;
				CLANG_WARN_CONSTANT_CONVERSION = YES;
				CLANG_WARN_DIRECT_OBJC_ISA_USAGE = YES_ERROR;
				CLANG_WARN_EMPTY_BODY = YES;
				CLANG_WARN_ENUM_CONVERSION = YES;
				CLANG_WARN_INT_CONVERSION = YES;
				CLANG_WARN_OBJC_ROOT_CLASS = YES_ERROR;
				CLANG_WARN_UNREACHABLE_CODE = YES;
				CLANG_WARN__DUPLICATE_METHOD_MATCH = YES;
				"CODE_SIGN_IDENTITY[sdk=iphoneos*]" = "iPhone Developer";
				COPY_PHASE_STRIP = NO;
				DEBUG_INFORMATION_FORMAT = dwarf;
				ENABLE_STRICT_OBJC_MSGSEND = YES;
				ENABLE_TESTABILITY = YES;
				GCC_C_LANGUAGE_STANDARD = gnu99;
				GCC_DYNAMIC_NO_PIC = NO;
				GCC_NO_COMMON_BLOCKS = YES;
				GCC_OPTIMIZATION_LEVEL = 0;
				GCC_PREPROCESSOR_DEFINITIONS = (
					"DEBUG=1",
					"$(inherited)",
				);
				GCC_WARN_64_TO_32_BIT_CONVERSION = YES;
				GCC_WARN_ABOUT_RETURN_TYPE = YES_ERROR;
				GCC_WARN_UNDECLARED_SELECTOR = YES;
				GCC_WARN_UNINITIALIZED_AUTOS = YES_AGGRESSIVE;
				GCC_WARN_UNUSED_FUNCTION = YES;
				GCC_WARN_UNUSED_VARIABLE = YES;
				IPHONEOS_DEPLOYMENT_TARGET = 9.2;
				MTL_ENABLE_DEBUG_INFO = YES;
				ONLY_ACTIVE_ARCH = YES;
				SDKROOT = iphoneos;
				SWIFT_OPTIMIZATION_LEVEL = "-Onone";
			};
			name = Debug;
		};
		12FE17871C1D6D69006DA324 /* Release */ = {
			isa = XCBuildConfiguration;
			buildSettings = {
				ALWAYS_SEARCH_USER_PATHS = NO;
				CLANG_CXX_LANGUAGE_STANDARD = "gnu++0x";
				CLANG_CXX_LIBRARY = "libc++";
				CLANG_ENABLE_MODULES = YES;
				CLANG_ENABLE_OBJC_ARC = YES;
				CLANG_WARN_BOOL_CONVERSION = YES;
				CLANG_WARN_CONSTANT_CONVERSION = YES;
				CLANG_WARN_DIRECT_OBJC_ISA_USAGE = YES_ERROR;
				CLANG_WARN_EMPTY_BODY = YES;
				CLANG_WARN_ENUM_CONVERSION = YES;
				CLANG_WARN_INT_CONVERSION = YES;
				CLANG_WARN_OBJC_ROOT_CLASS = YES_ERROR;
				CLANG_WARN_UNREACHABLE_CODE = YES;
				CLANG_WARN__DUPLICATE_METHOD_MATCH = YES;
				"CODE_SIGN_IDENTITY[sdk=iphoneos*]" = "iPhone Developer";
				COPY_PHASE_STRIP = NO;
				DEBUG_INFORMATION_FORMAT = "dwarf-with-dsym";
				ENABLE_NS_ASSERTIONS = NO;
				ENABLE_STRICT_OBJC_MSGSEND = YES;
				GCC_C_LANGUAGE_STANDARD = gnu99;
				GCC_NO_COMMON_BLOCKS = YES;
				GCC_WARN_64_TO_32_BIT_CONVERSION = YES;
				GCC_WARN_ABOUT_RETURN_TYPE = YES_ERROR;
				GCC_WARN_UNDECLARED_SELECTOR = YES;
				GCC_WARN_UNINITIALIZED_AUTOS = YES_AGGRESSIVE;
				GCC_WARN_UNUSED_FUNCTION = YES;
				GCC_WARN_UNUSED_VARIABLE = YES;
				IPHONEOS_DEPLOYMENT_TARGET = 9.2;
				MTL_ENABLE_DEBUG_INFO = NO;
				SDKROOT = iphoneos;
				VALIDATE_PRODUCT = YES;
			};
			name = Release;
		};
		12FE17891C1D6D69006DA324 /* Debug */ = {
			isa = XCBuildConfiguration;
			buildSettings = {
				ASSETCATALOG_COMPILER_APPICON_NAME = AppIcon;
				INFOPLIST_FILE = DateSuger/Info.plist;
				LD_RUNPATH_SEARCH_PATHS = "$(inherited) @executable_path/Frameworks";
				PRODUCT_BUNDLE_IDENTIFIER = com.danis.DateSuger;
				PRODUCT_NAME = "$(TARGET_NAME)";
			};
			name = Debug;
		};
		12FE178A1C1D6D69006DA324 /* Release */ = {
			isa = XCBuildConfiguration;
			buildSettings = {
				ASSETCATALOG_COMPILER_APPICON_NAME = AppIcon;
				INFOPLIST_FILE = DateSuger/Info.plist;
				LD_RUNPATH_SEARCH_PATHS = "$(inherited) @executable_path/Frameworks";
				PRODUCT_BUNDLE_IDENTIFIER = com.danis.DateSuger;
				PRODUCT_NAME = "$(TARGET_NAME)";
			};
			name = Release;
		};
/* End XCBuildConfiguration section */

/* Begin XCConfigurationList section */
		12FE17711C1D6D69006DA324 /* Build configuration list for PBXProject "DateSuger" */ = {
			isa = XCConfigurationList;
			buildConfigurations = (
				12FE17861C1D6D69006DA324 /* Debug */,
				12FE17871C1D6D69006DA324 /* Release */,
			);
			defaultConfigurationIsVisible = 0;
			defaultConfigurationName = Release;
		};
		12FE17881C1D6D69006DA324 /* Build configuration list for PBXNativeTarget "DateSuger" */ = {
			isa = XCConfigurationList;
			buildConfigurations = (
				12FE17891C1D6D69006DA324 /* Debug */,
				12FE178A1C1D6D69006DA324 /* Release */,
			);
			defaultConfigurationIsVisible = 0;
			defaultConfigurationName = Release;
		};
/* End XCConfigurationList section */
	};
	rootObject = 12FE176E1C1D6D69006DA324 /* Project object */;
}
